
Microsoft Visual Studio Solution File, Format Version 12.00
# Visual Studio Version 17
VisualStudioVersion = 17.11.35327.3
MinimumVisualStudioVersion = 10.0.40219.1
Project("{9A19103F-16F7-4668-BE54-9A1E7A4F7556}") = "Fel59GameLauncher", "Fel59GameLauncher\Fel59GameLauncher.csproj", "{3E608295-7899-4460-81A4-73CF5A64A24A}"
EndProject
Project("{9A19103F-16F7-4668-BE54-9A1E7A4F7556}") = "MEngine.Core", "..\..\MEngine\Source\MEngine\MEngine\MEngine\MEngine.Core.csproj", "{6087C4E1-8808-479E-9F9E-48E797F9C977}"
EndProject
Project("{2150E333-8FDC-42A3-9474-1A3956D46DE8}") = "Solution Items", "Solution Items", "{57B4DA3F-F3D4-47EF-880C-CE58F870C955}"
	ProjectSection(SolutionItems) = preProject
		FNA\FNA.sln = FNA\FNA.sln
	EndProjectSection
EndProject
Global
	GlobalSection(SolutionConfigurationPlatforms) = preSolution
		Debug|Any CPU = Debug|Any CPU
		Debug|x64 = Debug|x64
		Debug|x86 = Debug|x86
		Release|Any CPU = Release|Any CPU
		Release|x64 = Release|x64
		Release|x86 = Release|x86
	EndGlobalSection
	GlobalSection(ProjectConfigurationPlatforms) = postSolution
		{3E608295-7899-4460-81A4-73CF5A64A24A}.Debug|Any CPU.ActiveCfg = Debug|Any CPU
		{3E608295-7899-4460-81A4-73CF5A64A24A}.Debug|Any CPU.Build.0 = Debug|Any CPU
		{3E608295-7899-4460-81A4-73CF5A64A24A}.Debug|x64.ActiveCfg = Debug|Any CPU
		{3E608295-7899-4460-81A4-73CF5A64A24A}.Debug|x64.Build.0 = Debug|Any CPU
		{3E608295-7899-4460-81A4-73CF5A64A24A}.Debug|x86.ActiveCfg = Debug|Any CPU
		{3E608295-7899-4460-81A4-73CF5A64A24A}.Debug|x86.Build.0 = Debug|Any CPU
		{3E608295-7899-4460-81A4-73CF5A64A24A}.Release|Any CPU.ActiveCfg = Release|Any CPU
		{3E608295-7899-4460-81A4-73CF5A64A24A}.Release|Any CPU.Build.0 = Release|Any CPU
		{3E608295-7899-4460-81A4-73CF5A64A24A}.Release|x64.ActiveCfg = Release|Any CPU
		{3E608295-7899-4460-81A4-73CF5A64A24A}.Release|x64.Build.0 = Release|Any CPU
		{3E608295-7899-4460-81A4-73CF5A64A24A}.Release|x86.ActiveCfg = Release|Any CPU
		{3E608295-7899-4460-81A4-73CF5A64A24A}.Release|x86.Build.0 = Release|Any CPU
		{6087C4E1-8808-479E-9F9E-48E797F9C977}.Debug|Any CPU.ActiveCfg = Debug|Any CPU
		{6087C4E1-8808-479E-9F9E-48E797F9C977}.Debug|Any CPU.Build.0 = Debug|Any CPU
		{6087C4E1-8808-479E-9F9E-48E797F9C977}.Debug|x64.ActiveCfg = Debug|Any CPU
		{6087C4E1-8808-479E-9F9E-48E797F9C977}.Debug|x64.Build.0 = Debug|Any CPU
		{6087C4E1-8808-479E-9F9E-48E797F9C977}.Debug|x86.ActiveCfg = Debug|Any CPU
		{6087C4E1-8808-479E-9F9E-48E797F9C977}.Debug|x86.Build.0 = Debug|Any CPU
		{6087C4E1-8808-479E-9F9E-48E797F9C977}.Release|Any CPU.ActiveCfg = Release|Any CPU
		{6087C4E1-8808-479E-9F9E-48E797F9C977}.Release|Any CPU.Build.0 = Release|Any CPU
		{6087C4E1-8808-479E-9F9E-48E797F9C977}.Release|x64.ActiveCfg = Release|Any CPU
		{6087C4E1-8808-479E-9F9E-48E797F9C977}.Release|x64.Build.0 = Release|Any CPU
		{6087C4E1-8808-479E-9F9E-48E797F9C977}.Release|x86.ActiveCfg = Release|Any CPU
		{6087C4E1-8808-479E-9F9E-48E797F9C977}.Release|x86.Build.0 = Release|Any CPU
	EndGlobalSection
	GlobalSection(SolutionProperties) = preSolution
		HideSolutionNode = FALSE
	EndGlobalSection
	GlobalSection(ExtensibilityGlobals) = postSolution
		SolutionGuid = {B1B3D664-60E3-41E7-83A7-E7B46F1EAEA1}
	EndGlobalSection
EndGlobal
